github.com/cep21/gomodlib v1.1.0 h1:63LPGPE08GRVUmNuUzsOIezdgvhRK2hnd+YCffhRbZI=
github.com/cep21/gomodlib v1.1.0/go.mod h1:WT7CLyE8NN7lEWPqnyFwxiMwWPOcoeWMgKfoaWm155Y=
github.com/cep21/gomodlib v3.2.0+incompatible h1:dLHRh/aZGPUoOFXobrawsVDqdD83Y3leGzyEsrUhCRA=
github.com/cep21/gomodlib v3.2.0+incompatible/go.mod h1:h9DxCYFIi+g1WcdSvd4IX9rYpIZgY7KiNMUdBTBmlUg=
